
Microsoft Visual Studio Solution File, Format Version 12.00
Project("{FAE04EC0-301F-11D3-BF4B-00C04F79EFBC}") = "Flare", "Flare\Flare.csproj", "{E5B72D8B-EE20-4BBF-90F9-B7C9C6FBAFC1}"
EndProject
Project("{2150E333-8FDC-42A3-9474-1A3956D46DE8}") = "Testing", "Testing", "{7BF84B74-BC04-4B39-A909-6426B55C048E}"
EndProject
Project("{FAE04EC0-301F-11D3-BF4B-00C04F79EFBC}") = "Flare.Tests", "Flare.Tests\Flare.Tests.csproj", "{7A56F72F-7222-4602-B62B-66004712385C}"
EndProject
Global
	GlobalSection(SolutionConfigurationPlatforms) = preSolution
		Debug|Any CPU = Debug|Any CPU
		Release|Any CPU = Release|Any CPU
	EndGlobalSection
	GlobalSection(ProjectConfigurationPlatforms) = postSolution
		{E5B72D8B-EE20-4BBF-90F9-B7C9C6FBAFC1}.Debug|Any CPU.ActiveCfg = Debug|Any CPU
		{E5B72D8B-EE20-4BBF-90F9-B7C9C6FBAFC1}.Debug|Any CPU.Build.0 = Debug|Any CPU
		{E5B72D8B-EE20-4BBF-90F9-B7C9C6FBAFC1}.Release|Any CPU.ActiveCfg = Release|Any CPU
		{E5B72D8B-EE20-4BBF-90F9-B7C9C6FBAFC1}.Release|Any CPU.Build.0 = Release|Any CPU
		{7A56F72F-7222-4602-B62B-66004712385C}.Debug|Any CPU.ActiveCfg = Debug|Any CPU
		{7A56F72F-7222-4602-B62B-66004712385C}.Debug|Any CPU.Build.0 = Debug|Any CPU
		{7A56F72F-7222-4602-B62B-66004712385C}.Release|Any CPU.ActiveCfg = Release|Any CPU
		{7A56F72F-7222-4602-B62B-66004712385C}.Release|Any CPU.Build.0 = Release|Any CPU
	EndGlobalSection
	GlobalSection(NestedProjects) = preSolution
		{7A56F72F-7222-4602-B62B-66004712385C} = {7BF84B74-BC04-4B39-A909-6426B55C048E}
	EndGlobalSection
EndGlobal
